
Microsoft Visual Studio Solution File, Format Version 12.00
# Visual Studio Version 17
VisualStudioVersion = 17.9.34728.123
MinimumVisualStudioVersion = 10.0.40219.1
Project("{9A19103F-16F7-4668-BE54-9A1E7A4F7556}") = "EveOrderBook", "src\EveOrderBook\EveOrderBook.csproj", "{7AE09ADA-1E91-448B-A003-F85CEF5B047F}"
EndProject
Project("{9A19103F-16F7-4668-BE54-9A1E7A4F7556}") = "EveOrderBook.Tests", "tests\EveOrderBook.Tests\EveOrderBook.Tests.csproj", "{063FC229-6B37-4B0F-9CC7-6983DA85BCE3}"
EndProject
Global
	GlobalSection(SolutionConfigurationPlatforms) = preSolution
		Debug|Any CPU = Debug|Any CPU
		Release|Any CPU = Release|Any CPU
	EndGlobalSection
	GlobalSection(ProjectConfigurationPlatforms) = postSolution
		{7AE09ADA-1E91-448B-A003-F85CEF5B047F}.Debug|Any CPU.ActiveCfg = Debug|Any CPU
		{7AE09ADA-1E91-448B-A003-F85CEF5B047F}.Debug|Any CPU.Build.0 = Debug|Any CPU
		{7AE09ADA-1E91-448B-A003-F85CEF5B047F}.Release|Any CPU.ActiveCfg = Release|Any CPU
		{7AE09ADA-1E91-448B-A003-F85CEF5B047F}.Release|Any CPU.Build.0 = Release|Any CPU
		{063FC229-6B37-4B0F-9CC7-6983DA85BCE3}.Debug|Any CPU.ActiveCfg = Debug|Any CPU
		{063FC229-6B37-4B0F-9CC7-6983DA85BCE3}.Debug|Any CPU.Build.0 = Debug|Any CPU
		{063FC229-6B37-4B0F-9CC7-6983DA85BCE3}.Release|Any CPU.ActiveCfg = Release|Any CPU
		{063FC229-6B37-4B0F-9CC7-6983DA85BCE3}.Release|Any CPU.Build.0 = Release|Any CPU
	EndGlobalSection
	GlobalSection(SolutionProperties) = preSolution
		HideSolutionNode = FALSE
	EndGlobalSection
	GlobalSection(ExtensibilityGlobals) = postSolution
		SolutionGuid = {835ACF94-CAE9-43E2-9C5A-B637ACFBC545}
	EndGlobalSection
EndGlobal
